// !$*UTF8*$!
{
	archiveVersion = 1;
	classes = {
	};
	objectVersion = 77;
	objects = {

/* Begin PBXContainerItemProxy section */
		5ADC1B432D33931F0075DA3B /* PBXContainerItemProxy */ = {
			isa = PBXContainerItemProxy;
			containerPortal = 5ADC1B2A2D33931D0075DA3B /* Project object */;
			proxyType = 1;
			remoteGlobalIDString = 5ADC1B312D33931D0075DA3B;
			remoteInfo = D_day_calculator;
		};
		5ADC1B4D2D33931F0075DA3B /* PBXContainerItemProxy */ = {
			isa = PBXContainerItemProxy;
			containerPortal = 5ADC1B2A2D33931D0075DA3B /* Project object */;
			proxyType = 1;
			remoteGlobalIDString = 5ADC1B312D33931D0075DA3B;
			remoteInfo = D_day_calculator;
		};
/* End PBXContainerItemProxy section */

/* Begin PBXFileReference section */
		5ADC1B322D33931D0075DA3B /* D_day_calculator.app */ = {isa = PBXFileReference; explicitFileType = wrapper.application; includeInIndex = 0; path = D_day_calculator.app; sourceTree = BUILT_PRODUCTS_DIR; };
		5ADC1B422D33931F0075DA3B /* D_day_calculatorTests.xctest */ = {isa = PBXFileReference; explicitFileType = wrapper.cfbundle; includeInIndex = 0; path = D_day_calculatorTests.xctest; sourceTree = BUILT_PRODUCTS_DIR; };
		5ADC1B4C2D33931F0075DA3B /* D_day_calculatorUITests.xctest */ = {isa = PBXFileReference; explicitFileType = wrapper.cfbundle; includeInIndex = 0; path = D_day_calculatorUITests.xctest; sourceTree = BUILT_PRODUCTS_DIR; };
/* End PBXFileReference section */

/* Begin PBXFileSystemSynchronizedBuildFileExceptionSet section */
		5A8CC17B2D38C82200126C99 /* Exceptions for "D_day_calculator" folder in "D_day_calculatorTests" target */ = {
			isa = PBXFileSystemSynchronizedBuildFileExceptionSet;
			membershipExceptions = (
				Interators/DateCalcInterator.swift,
				Interators/DateManageInteractor.swift,
				Models/Mode.swift,
				Models/NavigationPath.swift,
				Models/TimeSpan.swift,
				Presents/ViewModels/DatesViewModels.swift,
				Presents/ViewModels/DateViewModel.swift,
				Presents/Views/DatePickerView.swift,
				Presents/Views/ModeSelectionView.swift,
				UI/Element/TitleText.swift,
				Utilities/Convertor.swift,
			);
			target = 5ADC1B412D33931F0075DA3B /* D_day_calculatorTests */;
		};
/* End PBXFileSystemSynchronizedBuildFileExceptionSet section */

/* Begin PBXFileSystemSynchronizedRootGroup section */
		5ADC1B452D33931F0075DA3B /* D_day_calculatorTests */ = {
			isa = PBXFileSystemSynchronizedRootGroup;
			path = D_day_calculatorTests;
			sourceTree = "<group>";
		};
		5ADC1B4F2D33931F0075DA3B /* D_day_calculatorUITests */ = {
			isa = PBXFileSystemSynchronizedRootGroup;
			path = D_day_calculatorUITests;
			sourceTree = "<group>";
		};
		5ADC1B912D33DF410075DA3B /* D_day_calculator */ = {
			isa = PBXFileSystemSynchronizedRootGroup;
			exceptions = (
				5A8CC17B2D38C82200126C99 /* Exceptions for "D_day_calculator" folder in "D_day_calculatorTests" target */,
			);
			path = D_day_calculator;
			sourceTree = "<group>";
		};
/* End PBXFileSystemSynchronizedRootGroup section */

/* Begin PBXFrameworksBuildPhase section */
		5ADC1B2F2D33931D0075DA3B /* Frameworks */ = {
			isa = PBXFrameworksBuildPhase;
			buildActionMask = 2147483647;
			files = (
			);
			runOnlyForDeploymentPostprocessing = 0;
		};
		5ADC1B3F2D33931F0075DA3B /* Frameworks */ = {
			isa = PBXFrameworksBuildPhase;
			buildActionMask = 2147483647;
			files = (
			);
			runOnlyForDeploymentPostprocessing = 0;
		};
		5ADC1B492D33931F0075DA3B /* Frameworks */ = {
			isa = PBXFrameworksBuildPhase;
			buildActionMask = 2147483647;
			files = (
			);
			runOnlyForDeploymentPostprocessing = 0;
		};
/* End PBXFrameworksBuildPhase section */

/* Begin PBXGroup section */
		5ADC1B292D33931D0075DA3B = {
			isa = PBXGroup;
			children = (
				5ADC1B912D33DF410075DA3B /* D_day_calculator */,
				5ADC1B452D33931F0075DA3B /* D_day_calculatorTests */,
				5ADC1B4F2D33931F0075DA3B /* D_day_calculatorUITests */,
				5ADC1B332D33931D0075DA3B /* Products */,
			);
			sourceTree = "<group>";
		};
		5ADC1B332D33931D0075DA3B /* Products */ = {
			isa = PBXGroup;
			children = (
				5ADC1B322D33931D0075DA3B /* D_day_calculator.app */,
				5ADC1B422D33931F0075DA3B /* D_day_calculatorTests.xctest */,
				5ADC1B4C2D33931F0075DA3B /* D_day_calculatorUITests.xctest */,
			);
			name = Products;
			sourceTree = "<group>";
		};
/* End PBXGroup section */

/* Begin PBXNativeTarget section */
		5ADC1B312D33931D0075DA3B /* D_day_calculator */ = {
			isa = PBXNativeTarget;
			buildConfigurationList = 5ADC1B562D33931F0075DA3B /* Build configuration list for PBXNativeTarget "D_day_calculator" */;
			buildPhases = (
				5ADC1B2E2D33931D0075DA3B /* Sources */,
				5ADC1B2F2D33931D0075DA3B /* Frameworks */,
				5ADC1B302D33931D0075DA3B /* Resources */,
			);
			buildRules = (
			);
			dependencies = (
			);
			fileSystemSynchronizedGroups = (
				5ADC1B912D33DF410075DA3B /* D_day_calculator */,
			);
			name = D_day_calculator;
			packageProductDependencies = (
			);
			productName = D_day_calculator;
			productReference = 5ADC1B322D33931D0075DA3B /* D_day_calculator.app */;
			productType = "com.apple.product-type.application";
		};
		5ADC1B412D33931F0075DA3B /* D_day_calculatorTests */ = {
			isa = PBXNativeTarget;
			buildConfigurationList = 5ADC1B592D33931F0075DA3B /* Build configuration list for PBXNativeTarget "D_day_calculatorTests" */;
			buildPhases = (
				5ADC1B3E2D33931F0075DA3B /* Sources */,
				5ADC1B3F2D33931F0075DA3B /* Frameworks */,
				5ADC1B402D33931F0075DA3B /* Resources */,
			);
			buildRules = (
			);
			dependencies = (
				5ADC1B442D33931F0075DA3B /* PBXTargetDependency */,
			);
			fileSystemSynchronizedGroups = (
				5ADC1B452D33931F0075DA3B /* D_day_calculatorTests */,
			);
			name = D_day_calculatorTests;
			packageProductDependencies = (
			);
			productName = D_day_calculatorTests;
			productReference = 5ADC1B422D33931F0075DA3B /* D_day_calculatorTests.xctest */;
			productType = "com.apple.product-type.bundle.unit-test";
		};
		5ADC1B4B2D33931F0075DA3B /* D_day_calculatorUITests */ = {
			isa = PBXNativeTarget;
			buildConfigurationList = 5ADC1B5C2D33931F0075DA3B /* Build configuration list for PBXNativeTarget "D_day_calculatorUITests" */;
			buildPhases = (
				5ADC1B482D33931F0075DA3B /* Sources */,
				5ADC1B492D33931F0075DA3B /* Frameworks */,
				5ADC1B4A2D33931F0075DA3B /* Resources */,
			);
			buildRules = (
			);
			dependencies = (
				5ADC1B4E2D33931F0075DA3B /* PBXTargetDependency */,
			);
			fileSystemSynchronizedGroups = (
				5ADC1B4F2D33931F0075DA3B /* D_day_calculatorUITests */,
			);
			name = D_day_calculatorUITests;
			packageProductDependencies = (
			);
			productName = D_day_calculatorUITests;
			productReference = 5ADC1B4C2D33931F0075DA3B /* D_day_calculatorUITests.xctest */;
			productType = "com.apple.product-type.bundle.ui-testing";
		};
/* End PBXNativeTarget section */

/* Begin PBXProject section */
		5ADC1B2A2D33931D0075DA3B /* Project object */ = {
			isa = PBXProject;
			attributes = {
				BuildIndependentTargetsInParallel = 1;
				LastSwiftUpdateCheck = 1620;
				LastUpgradeCheck = 1620;
				TargetAttributes = {
					5ADC1B312D33931D0075DA3B = {
						CreatedOnToolsVersion = 16.2;
					};
					5ADC1B412D33931F0075DA3B = {
						CreatedOnToolsVersion = 16.2;
						TestTargetID = 5ADC1B312D33931D0075DA3B;
					};
					5ADC1B4B2D33931F0075DA3B = {
						CreatedOnToolsVersion = 16.2;
						TestTargetID = 5ADC1B312D33931D0075DA3B;
					};
				};
			};
			buildConfigurationList = 5ADC1B2D2D33931D0075DA3B /* Build configuration list for PBXProject "D_day_calculator" */;
			developmentRegion = en;
			hasScannedForEncodings = 0;
			knownRegions = (
				en,
				Base,
			);
			mainGroup = 5ADC1B292D33931D0075DA3B;
			minimizedProjectReferenceProxies = 1;
			preferredProjectObjectVersion = 77;
			productRefGroup = 5ADC1B332D33931D0075DA3B /* Products */;
			projectDirPath = "";
			projectRoot = "";
			targets = (
				5ADC1B312D33931D0075DA3B /* D_day_calculator */,
				5ADC1B412D33931F0075DA3B /* D_day_calculatorTests */,
				5ADC1B4B2D33931F0075DA3B /* D_day_calculatorUITests */,
			);
		};
/* End PBXProject section */

/* Begin PBXResourcesBuildPhase section */
		5ADC1B302D33931D0075DA3B /* Resources */ = {
			isa = PBXResourcesBuildPhase;
			buildActionMask = 2147483647;
			files = (
			);
			runOnlyForDeploymentPostprocessing = 0;
		};
		5ADC1B402D33931F0075DA3B /* Resources */ = {
			isa = PBXResourcesBuildPhase;
			buildActionMask = 2147483647;
			files = (
			);
			runOnlyForDeploymentPostprocessing = 0;
		};
		5ADC1B4A2D33931F0075DA3B /* Resources */ = {
			isa = PBXResourcesBuildPhase;
			buildActionMask = 2147483647;
			files = (
			);
			runOnlyForDeploymentPostprocessing = 0;
		};
/* End PBXResourcesBuildPhase section */

/* Begin PBXSourcesBuildPhase section */
		5ADC1B2E2D33931D0075DA3B /* Sources */ = {
			isa = PBXSourcesBuildPhase;
			buildActionMask = 2147483647;
			files = (
			);
			runOnlyForDeploymentPostprocessing = 0;
		};
		5ADC1B3E2D33931F0075DA3B /* Sources */ = {
			isa = PBXSourcesBuildPhase;
			buildActionMask = 2147483647;
			files = (
			);
			runOnlyForDeploymentPostprocessing = 0;
		};
		5ADC1B482D33931F0075DA3B /* Sources */ = {
			isa = PBXSourcesBuildPhase;
			buildActionMask = 2147483647;
			files = (
			);
			runOnlyForDeploymentPostprocessing = 0;
		};
/* End PBXSourcesBuildPhase section */

/* Begin PBXTargetDependency section */
		5ADC1B442D33931F0075DA3B /* PBXTargetDependency */ = {
			isa = PBXTargetDependency;
			target = 5ADC1B312D33931D0075DA3B /* D_day_calculator */;
			targetProxy = 5ADC1B432D33931F0075DA3B /* PBXContainerItemProxy */;
		};
		5ADC1B4E2D33931F0075DA3B /* PBXTargetDependency */ = {
			isa = PBXTargetDependency;
			target = 5ADC1B312D33931D0075DA3B /* D_day_calculator */;
			targetProxy = 5ADC1B4D2D33931F0075DA3B /* PBXContainerItemProxy */;
		};
/* End PBXTargetDependency section */

/* Begin XCBuildConfiguration section */
		5ADC1B542D33931F0075DA3B /* Debug */ = {
			isa = XCBuildConfiguration;
			buildSettings = {
				ALWAYS_SEARCH_USER_PATHS = NO;
				ASSETCATALOG_COMPILER_GENERATE_SWIFT_ASSET_SYMBOL_EXTENSIONS = YES;
				CLANG_ANALYZER_NONNULL = YES;
				CLANG_ANALYZER_NUMBER_OBJECT_CONVERSION = YES_AGGRESSIVE;
				CLANG_CXX_LANGUAGE_STANDARD = "gnu++20";
				CLANG_ENABLE_MODULES = YES;
				CLANG_ENABLE_OBJC_ARC = YES;
				CLANG_ENABLE_OBJC_WEAK = YES;
				CLANG_WARN_BLOCK_CAPTURE_AUTORELEASING = YES;
				CLANG_WARN_BOOL_CONVERSION = YES;
				CLANG_WARN_COMMA = YES;
				CLANG_WARN_CONSTANT_CONVERSION = YES;
				CLANG_WARN_DEPRECATED_OBJC_IMPLEMENTATIONS = YES;
				CLANG_WARN_DIRECT_OBJC_ISA_USAGE = YES_ERROR;
				CLANG_WARN_DOCUMENTATION_COMMENTS = YES;
				CLANG_WARN_EMPTY_BODY = YES;
				CLANG_WARN_ENUM_CONVERSION = YES;
				CLANG_WARN_INFINITE_RECURSION = YES;
				CLANG_WARN_INT_CONVERSION = YES;
				CLANG_WARN_NON_LITERAL_NULL_CONVERSION = YES;
				CLANG_WARN_OBJC_IMPLICIT_RETAIN_SELF = YES;
				CLANG_WARN_OBJC_LITERAL_CONVERSION = YES;
				CLANG_WARN_OBJC_ROOT_CLASS = YES_ERROR;
				CLANG_WARN_QUOTED_INCLUDE_IN_FRAMEWORK_HEADER = YES;
				CLANG_WARN_RANGE_LOOP_ANALYSIS = YES;
				CLANG_WARN_STRICT_PROTOTYPES = YES;
				CLANG_WARN_SUSPICIOUS_MOVE = YES;
				CLANG_WARN_UNGUARDED_AVAILABILITY = YES_AGGRESSIVE;
				CLANG_WARN_UNREACHABLE_CODE = YES;
				CLANG_WARN__DUPLICATE_METHOD_MATCH = YES;
				COPY_PHASE_STRIP = NO;
				DEBUG_INFORMATION_FORMAT = dwarf;
				ENABLE_STRICT_OBJC_MSGSEND = YES;
				ENABLE_TESTABILITY = YES;
				ENABLE_USER_SCRIPT_SANDBOXING = YES;
				GCC_C_LANGUAGE_STANDARD = gnu17;
				GCC_DYNAMIC_NO_PIC = NO;
				GCC_NO_COMMON_BLOCKS = YES;
				GCC_OPTIMIZATION_LEVEL = 0;
				GCC_PREPROCESSOR_DEFINITIONS = (
					"DEBUG=1",
					"$(inherited)",
				);
				GCC_WARN_64_TO_32_BIT_CONVERSION = YES;
				GCC_WARN_ABOUT_RETURN_TYPE = YES_ERROR;
				GCC_WARN_UNDECLARED_SELECTOR = YES;
				GCC_WARN_UNINITIALIZED_AUTOS = YES_AGGRESSIVE;
				GCC_WARN_UNUSED_FUNCTION = YES;
				GCC_WARN_UNUSED_VARIABLE = YES;
				IPHONEOS_DEPLOYMENT_TARGET = 18.2;
				LOCALIZATION_PREFERS_STRING_CATALOGS = YES;
				MTL_ENABLE_DEBUG_INFO = INCLUDE_SOURCE;
				MTL_FAST_MATH = YES;
				ONLY_ACTIVE_ARCH = YES;
				SDKROOT = iphoneos;
				SWIFT_ACTIVE_COMPILATION_CONDITIONS = "DEBUG $(inherited)";
				SWIFT_OPTIMIZATION_LEVEL = "-Onone";
			};
			name = Debug;
		};
		5ADC1B552D33931F0075DA3B /* Release */ = {
			isa = XCBuildConfiguration;
			buildSettings = {
				ALWAYS_SEARCH_USER_PATHS = NO;
				ASSETCATALOG_COMPILER_GENERATE_SWIFT_ASSET_SYMBOL_EXTENSIONS = YES;
				CLANG_ANALYZER_NONNULL = YES;
				CLANG_ANALYZER_NUMBER_OBJECT_CONVERSION = YES_AGGRESSIVE;
				CLANG_CXX_LANGUAGE_STANDARD = "gnu++20";
				CLANG_ENABLE_MODULES = YES;
				CLANG_ENABLE_OBJC_ARC = YES;
				CLANG_ENABLE_OBJC_WEAK = YES;
				CLANG_WARN_BLOCK_CAPTURE_AUTORELEASING = YES;
				CLANG_WARN_BOOL_CONVERSION = YES;
				CLANG_WARN_COMMA = YES;
				CLANG_WARN_CONSTANT_CONVERSION = YES;
				CLANG_WARN_DEPRECATED_OBJC_IMPLEMENTATIONS = YES;
				CLANG_WARN_DIRECT_OBJC_ISA_USAGE = YES_ERROR;
				CLANG_WARN_DOCUMENTATION_COMMENTS = YES;
				CLANG_WARN_EMPTY_BODY = YES;
				CLANG_WARN_ENUM_CONVERSION = YES;
				CLANG_WARN_INFINITE_RECURSION = YES;
				CLANG_WARN_INT_CONVERSION = YES;
				CLANG_WARN_NON_LITERAL_NULL_CONVERSION = YES;
				CLANG_WARN_OBJC_IMPLICIT_RETAIN_SELF = YES;
				CLANG_WARN_OBJC_LITERAL_CONVERSION = YES;
				CLANG_WARN_OBJC_ROOT_CLASS = YES_ERROR;
				CLANG_WARN_QUOTED_INCLUDE_IN_FRAMEWORK_HEADER = YES;
				CLANG_WARN_RANGE_LOOP_ANALYSIS = YES;
				CLANG_WARN_STRICT_PROTOTYPES = YES;
				CLANG_WARN_SUSPICIOUS_MOVE = YES;
				CLANG_WARN_UNGUARDED_AVAILABILITY = YES_AGGRESSIVE;
				CLANG_WARN_UNREACHABLE_CODE = YES;
				CLANG_WARN__DUPLICATE_METHOD_MATCH = YES;
				COPY_PHASE_STRIP = NO;
				DEBUG_INFORMATION_FORMAT = "dwarf-with-dsym";
				ENABLE_NS_ASSERTIONS = NO;
				ENABLE_STRICT_OBJC_MSGSEND = YES;
				ENABLE_USER_SCRIPT_SANDBOXING = YES;
				GCC_C_LANGUAGE_STANDARD = gnu17;
				GCC_NO_COMMON_BLOCKS = YES;
				GCC_WARN_64_TO_32_BIT_CONVERSION = YES;
				GCC_WARN_ABOUT_RETURN_TYPE = YES_ERROR;
				GCC_WARN_UNDECLARED_SELECTOR = YES;
				GCC_WARN_UNINITIALIZED_AUTOS = YES_AGGRESSIVE;
				GCC_WARN_UNUSED_FUNCTION = YES;
				GCC_WARN_UNUSED_VARIABLE = YES;
				IPHONEOS_DEPLOYMENT_TARGET = 18.2;
				LOCALIZATION_PREFERS_STRING_CATALOGS = YES;
				MTL_ENABLE_DEBUG_INFO = NO;
				MTL_FAST_MATH = YES;
				SDKROOT = iphoneos;
				SWIFT_COMPILATION_MODE = wholemodule;
				VALIDATE_PRODUCT = YES;
			};
			name = Release;
		};
		5ADC1B572D33931F0075DA3B /* Debug */ = {
			isa = XCBuildConfiguration;
			buildSettings = {
				ASSETCATALOG_COMPILER_APPICON_NAME = AppIcon;
				ASSETCATALOG_COMPILER_GLOBAL_ACCENT_COLOR_NAME = AccentColor;
				CODE_SIGN_STYLE = Automatic;
				CURRENT_PROJECT_VERSION = 1;
				DEVELOPMENT_ASSET_PATHS = "\"D_day_calculator/Preview Content\"";
				ENABLE_PREVIEWS = YES;
				GENERATE_INFOPLIST_FILE = YES;
				INFOPLIST_KEY_UIApplicationSceneManifest_Generation = YES;
				INFOPLIST_KEY_UIApplicationSupportsIndirectInputEvents = YES;
				INFOPLIST_KEY_UILaunchScreen_Generation = YES;
				INFOPLIST_KEY_UISupportedInterfaceOrientations_iPad = "UIInterfaceOrientationPortrait UIInterfaceOrientationPortraitUpsideDown UIInterfaceOrientationLandscapeLeft UIInterfaceOrientationLandscapeRight";
				INFOPLIST_KEY_UISupportedInterfaceOrientations_iPhone = "UIInterfaceOrientationPortrait UIInterfaceOrientationLandscapeLeft UIInterfaceOrientationLandscapeRight";
				LD_RUNPATH_SEARCH_PATHS = (
					"$(inherited)",
					"@executable_path/Frameworks",
				);
				MARKETING_VERSION = 1.0;
				PRODUCT_BUNDLE_IDENTIFIER = "Sample.D-day-calculator";
				PRODUCT_NAME = "$(TARGET_NAME)";
				SWIFT_EMIT_LOC_STRINGS = YES;
				SWIFT_VERSION = 5.0;
				TARGETED_DEVICE_FAMILY = "1,2";
			};
			name = Debug;
		};
		5ADC1B582D33931F0075DA3B /* Release */ = {
			isa = XCBuildConfiguration;
			buildSettings = {
				ASSETCATALOG_COMPILER_APPICON_NAME = AppIcon;
				ASSETCATALOG_COMPILER_GLOBAL_ACCENT_COLOR_NAME = AccentColor;
				CODE_SIGN_STYLE = Automatic;
				CURRENT_PROJECT_VERSION = 1;
				DEVELOPMENT_ASSET_PATHS = "\"D_day_calculator/Preview Content\"";
				ENABLE_PREVIEWS = YES;
				GENERATE_INFOPLIST_FILE = YES;
				INFOPLIST_KEY_UIApplicationSceneManifest_Generation = YES;
				INFOPLIST_KEY_UIApplicationSupportsIndirectInputEvents = YES;
				INFOPLIST_KEY_UILaunchScreen_Generation = YES;
				INFOPLIST_KEY_UISupportedInterfaceOrientations_iPad = "UIInterfaceOrientationPortrait UIInterfaceOrientationPortraitUpsideDown UIInterfaceOrientationLandscapeLeft UIInterfaceOrientationLandscapeRight";
				INFOPLIST_KEY_UISupportedInterfaceOrientations_iPhone = "UIInterfaceOrientationPortrait UIInterfaceOrientationLandscapeLeft UIInterfaceOrientationLandscapeRight";
				LD_RUNPATH_SEARCH_PATHS = (
					"$(inherited)",
					"@executable_path/Frameworks",
				);
				MARKETING_VERSION = 1.0;
				PRODUCT_BUNDLE_IDENTIFIER = "Sample.D-day-calculator";
				PRODUCT_NAME = "$(TARGET_NAME)";
				SWIFT_EMIT_LOC_STRINGS = YES;
				SWIFT_VERSION = 5.0;
				TARGETED_DEVICE_FAMILY = "1,2";
			};
			name = Release;
		};
		5ADC1B5A2D33931F0075DA3B /* Debug */ = {
			isa = XCBuildConfiguration;
			buildSettings = {
				BUNDLE_LOADER = "$(TEST_HOST)";
				CODE_SIGN_STYLE = Automatic;
				CURRENT_PROJECT_VERSION = 1;
				GENERATE_INFOPLIST_FILE = YES;
				IPHONEOS_DEPLOYMENT_TARGET = 18.2;
				MARKETING_VERSION = 1.0;
				PRODUCT_BUNDLE_IDENTIFIER = "Sample.D-day-calculatorTests";
				PRODUCT_NAME = "$(TARGET_NAME)";
				SWIFT_EMIT_LOC_STRINGS = NO;
				SWIFT_VERSION = 5.0;
				TARGETED_DEVICE_FAMILY = "1,2";
				TEST_HOST = "$(BUILT_PRODUCTS_DIR)/D_day_calculator.app/$(BUNDLE_EXECUTABLE_FOLDER_PATH)/D_day_calculator";
			};
			name = Debug;
		};
		5ADC1B5B2D33931F0075DA3B /* Release */ = {
			isa = XCBuildConfiguration;
			buildSettings = {
				BUNDLE_LOADER = "$(TEST_HOST)";
				CODE_SIGN_STYLE = Automatic;
				CURRENT_PROJECT_VERSION = 1;
				GENERATE_INFOPLIST_FILE = YES;
				IPHONEOS_DEPLOYMENT_TARGET = 18.2;
				MARKETING_VERSION = 1.0;
				PRODUCT_BUNDLE_IDENTIFIER = "Sample.D-day-calculatorTests";
				PRODUCT_NAME = "$(TARGET_NAME)";
				SWIFT_EMIT_LOC_STRINGS = NO;
				SWIFT_VERSION = 5.0;
				TARGETED_DEVICE_FAMILY = "1,2";
				TEST_HOST = "$(BUILT_PRODUCTS_DIR)/D_day_calculator.app/$(BUNDLE_EXECUTABLE_FOLDER_PATH)/D_day_calculator";
			};
			name = Release;
		};
		5ADC1B5D2D33931F0075DA3B /* Debug */ = {
			isa = XCBuildConfiguration;
			buildSettings = {
				CODE_SIGN_STYLE = Automatic;
				CURRENT_PROJECT_VERSION = 1;
				GENERATE_INFOPLIST_FILE = YES;
				MARKETING_VERSION = 1.0;
				PRODUCT_BUNDLE_IDENTIFIER = "Sample.D-day-calculatorUITests";
				PRODUCT_NAME = "$(TARGET_NAME)";
				SWIFT_EMIT_LOC_STRINGS = NO;
				SWIFT_VERSION = 5.0;
				TARGETED_DEVICE_FAMILY = "1,2";
				TEST_TARGET_NAME = D_day_calculator;
			};
			name = Debug;
		};
		5ADC1B5E2D33931F0075DA3B /* Release */ = {
			isa = XCBuildConfiguration;
			buildSettings = {
				CODE_SIGN_STYLE = Automatic;
				CURRENT_PROJECT_VERSION = 1;
				GENERATE_INFOPLIST_FILE = YES;
				MARKETING_VERSION = 1.0;
				PRODUCT_BUNDLE_IDENTIFIER = "Sample.D-day-calculatorUITests";
				PRODUCT_NAME = "$(TARGET_NAME)";
				SWIFT_EMIT_LOC_STRINGS = NO;
				SWIFT_VERSION = 5.0;
				TARGETED_DEVICE_FAMILY = "1,2";
				TEST_TARGET_NAME = D_day_calculator;
			};
			name = Release;
		};
/* End XCBuildConfiguration section */

/* Begin XCConfigurationList section */
		5ADC1B2D2D33931D0075DA3B /* Build configuration list for PBXProject "D_day_calculator" */ = {
			isa = XCConfigurationList;
			buildConfigurations = (
				5ADC1B542D33931F0075DA3B /* Debug */,
				5ADC1B552D33931F0075DA3B /* Release */,
			);
			defaultConfigurationIsVisible = 0;
			defaultConfigurationName = Release;
		};
		5ADC1B562D33931F0075DA3B /* Build configuration list for PBXNativeTarget "D_day_calculator" */ = {
			isa = XCConfigurationList;
			buildConfigurations = (
				5ADC1B572D33931F0075DA3B /* Debug */,
				5ADC1B582D33931F0075DA3B /* Release */,
			);
			defaultConfigurationIsVisible = 0;
			defaultConfigurationName = Release;
		};
		5ADC1B592D33931F0075DA3B /* Build configuration list for PBXNativeTarget "D_day_calculatorTests" */ = {
			isa = XCConfigurationList;
			buildConfigurations = (
				5ADC1B5A2D33931F0075DA3B /* Debug */,
				5ADC1B5B2D33931F0075DA3B /* Release */,
			);
			defaultConfigurationIsVisible = 0;
			defaultConfigurationName = Release;
		};
		5ADC1B5C2D33931F0075DA3B /* Build configuration list for PBXNativeTarget "D_day_calculatorUITests" */ = {
			isa = XCConfigurationList;
			buildConfigurations = (
				5ADC1B5D2D33931F0075DA3B /* Debug */,
				5ADC1B5E2D33931F0075DA3B /* Release */,
			);
			defaultConfigurationIsVisible = 0;
			defaultConfigurationName = Release;
		};
/* End XCConfigurationList section */
	};
	rootObject = 5ADC1B2A2D33931D0075DA3B /* Project object */;
}
